// !$*UTF8*$!
{
	archiveVersion = 1;
	classes = {
	};
	objectVersion = 55;
	objects = {

/* Begin PBXBuildFile section */
		B9A22CC7281ED42700E161DF /* main.swift in Sources */ = {isa = PBXBuildFile; fileRef = B9A22CC6281ED42700E161DF /* main.swift */; };
		B9A22CD9281ED4C000E161DF /* BaseTestCase.swift in Sources */ = {isa = PBXBuildFile; fileRef = B9A22CD8281ED4C000E161DF /* BaseTestCase.swift */; };
		B9A22CDB281ED4D500E161DF /* SingleLinkedListTests.swift in Sources */ = {isa = PBXBuildFile; fileRef = B9A22CDA281ED4D500E161DF /* SingleLinkedListTests.swift */; };
		B9A22CDC281ED4E400E161DF /* main.swift in Sources */ = {isa = PBXBuildFile; fileRef = B9A22CC6281ED42700E161DF /* main.swift */; };
		B9A22CDE281ED60F00E161DF /* StackTests.swift in Sources */ = {isa = PBXBuildFile; fileRef = B9A22CDD281ED60F00E161DF /* StackTests.swift */; };
/* End PBXBuildFile section */

/* Begin PBXCopyFilesBuildPhase section */
		B9A22CC1281ED42700E161DF /* CopyFiles */ = {
			isa = PBXCopyFilesBuildPhase;
			buildActionMask = 2147483647;
			dstPath = /usr/share/man/man1/;
			dstSubfolderSpec = 0;
			files = (
			);
			runOnlyForDeploymentPostprocessing = 1;
		};
/* End PBXCopyFilesBuildPhase section */

/* Begin PBXFileReference section */
		B9A22CC3281ED42700E161DF /* SwiftDataStructure */ = {isa = PBXFileReference; explicitFileType = "compiled.mach-o.executable"; includeInIndex = 0; path = SwiftDataStructure; sourceTree = BUILT_PRODUCTS_DIR; };
		B9A22CC6281ED42700E161DF /* main.swift */ = {isa = PBXFileReference; lastKnownFileType = sourcecode.swift; path = main.swift; sourceTree = "<group>"; };
		B9A22CD1281ED4A400E161DF /* SwiftDataStructureTests.xctest */ = {isa = PBXFileReference; explicitFileType = wrapper.cfbundle; includeInIndex = 0; path = SwiftDataStructureTests.xctest; sourceTree = BUILT_PRODUCTS_DIR; };
		B9A22CD8281ED4C000E161DF /* BaseTestCase.swift */ = {isa = PBXFileReference; lastKnownFileType = sourcecode.swift; path = BaseTestCase.swift; sourceTree = "<group>"; };
		B9A22CDA281ED4D500E161DF /* SingleLinkedListTests.swift */ = {isa = PBXFileReference; lastKnownFileType = sourcecode.swift; path = SingleLinkedListTests.swift; sourceTree = "<group>"; };
		B9A22CDD281ED60F00E161DF /* StackTests.swift */ = {isa = PBXFileReference; lastKnownFileType = sourcecode.swift; path = StackTests.swift; sourceTree = "<group>"; };
/* End PBXFileReference section */

/* Begin PBXFrameworksBuildPhase section */
		B9A22CC0281ED42700E161DF /* Frameworks */ = {
			isa = PBXFrameworksBuildPhase;
			buildActionMask = 2147483647;
			files = (
			);
			runOnlyForDeploymentPostprocessing = 0;
		};
		B9A22CCE281ED4A400E161DF /* Frameworks */ = {
			isa = PBXFrameworksBuildPhase;
			buildActionMask = 2147483647;
			files = (
			);
			runOnlyForDeploymentPostprocessing = 0;
		};
/* End PBXFrameworksBuildPhase section */

/* Begin PBXGroup section */
		B9A22CBA281ED42700E161DF = {
			isa = PBXGroup;
			children = (
				B9A22CC5281ED42700E161DF /* SwiftDataStructure */,
				B9A22CD2281ED4A400E161DF /* SwiftDataStructureTests */,
				B9A22CC4281ED42700E161DF /* Products */,
			);
			sourceTree = "<group>";
		};
		B9A22CC4281ED42700E161DF /* Products */ = {
			isa = PBXGroup;
			children = (
				B9A22CC3281ED42700E161DF /* SwiftDataStructure */,
				B9A22CD1281ED4A400E161DF /* SwiftDataStructureTests.xctest */,
			);
			name = Products;
			sourceTree = "<group>";
		};
		B9A22CC5281ED42700E161DF /* SwiftDataStructure */ = {
			isa = PBXGroup;
			children = (
				B9A22CC6281ED42700E161DF /* main.swift */,
			);
			path = SwiftDataStructure;
			sourceTree = "<group>";
		};
		B9A22CD2281ED4A400E161DF /* SwiftDataStructureTests */ = {
			isa = PBXGroup;
			children = (
				B9A22CD8281ED4C000E161DF /* BaseTestCase.swift */,
				B9A22CDA281ED4D500E161DF /* SingleLinkedListTests.swift */,
				B9A22CDD281ED60F00E161DF /* StackTests.swift */,
			);
			path = SwiftDataStructureTests;
			sourceTree = "<group>";
		};
/* End PBXGroup section */

/* Begin PBXNativeTarget section */
		B9A22CC2281ED42700E161DF /* SwiftDataStructure */ = {
			isa = PBXNativeTarget;
			buildConfigurationList = B9A22CCA281ED42700E161DF /* Build configuration list for PBXNativeTarget "SwiftDataStructure" */;
			buildPhases = (
				B9A22CBF281ED42700E161DF /* Sources */,
				B9A22CC0281ED42700E161DF /* Frameworks */,
				B9A22CC1281ED42700E161DF /* CopyFiles */,
			);
			buildRules = (
			);
			dependencies = (
			);
			name = SwiftDataStructure;
			productName = SwiftDataStructure;
			productReference = B9A22CC3281ED42700E161DF /* SwiftDataStructure */;
			productType = "com.apple.product-type.tool";
		};
		B9A22CD0281ED4A400E161DF /* SwiftDataStructureTests */ = {
			isa = PBXNativeTarget;
			buildConfigurationList = B9A22CD5281ED4A400E161DF /* Build configuration list for PBXNativeTarget "SwiftDataStructureTests" */;
			buildPhases = (
				B9A22CCD281ED4A400E161DF /* Sources */,
				B9A22CCE281ED4A400E161DF /* Frameworks */,
				B9A22CCF281ED4A400E161DF /* Resources */,
			);
			buildRules = (
			);
			dependencies = (
			);
			name = SwiftDataStructureTests;
			productName = SwiftDataStructureTests;
			productReference = B9A22CD1281ED4A400E161DF /* SwiftDataStructureTests.xctest */;
			productType = "com.apple.product-type.bundle.unit-test";
		};
/* End PBXNativeTarget section */

/* Begin PBXProject section */
		B9A22CBB281ED42700E161DF /* Project object */ = {
			isa = PBXProject;
			attributes = {
				BuildIndependentTargetsInParallel = 1;
				LastSwiftUpdateCheck = 1330;
				LastUpgradeCheck = 1330;
				TargetAttributes = {
					B9A22CC2281ED42700E161DF = {
						CreatedOnToolsVersion = 13.3;
					};
					B9A22CD0281ED4A400E161DF = {
						CreatedOnToolsVersion = 13.3;
					};
				};
			};
			buildConfigurationList = B9A22CBE281ED42700E161DF /* Build configuration list for PBXProject "SwiftDataStructure" */;
			compatibilityVersion = "Xcode 13.0";
			developmentRegion = en;
			hasScannedForEncodings = 0;
			knownRegions = (
				en,
				Base,
			);
			mainGroup = B9A22CBA281ED42700E161DF;
			productRefGroup = B9A22CC4281ED42700E161DF /* Products */;
			projectDirPath = "";
			projectRoot = "";
			targets = (
				B9A22CC2281ED42700E161DF /* SwiftDataStructure */,
				B9A22CD0281ED4A400E161DF /* SwiftDataStructureTests */,
			);
		};
/* End PBXProject section */

/* Begin PBXResourcesBuildPhase section */
		B9A22CCF281ED4A400E161DF /* Resources */ = {
			isa = PBXResourcesBuildPhase;
			buildActionMask = 2147483647;
			files = (
			);
			runOnlyForDeploymentPostprocessing = 0;
		};
/* End PBXResourcesBuildPhase section */

/* Begin PBXSourcesBuildPhase section */
		B9A22CBF281ED42700E161DF /* Sources */ = {
			isa = PBXSourcesBuildPhase;
			buildActionMask = 2147483647;
			files = (
				B9A22CC7281ED42700E161DF /* main.swift in Sources */,
			);
			runOnlyForDeploymentPostprocessing = 0;
		};
		B9A22CCD281ED4A400E161DF /* Sources */ = {
			isa = PBXSourcesBuildPhase;
			buildActionMask = 2147483647;
			files = (
				B9A22CDE281ED60F00E161DF /* StackTests.swift in Sources */,
				B9A22CDB281ED4D500E161DF /* SingleLinkedListTests.swift in Sources */,
				B9A22CD9281ED4C000E161DF /* BaseTestCase.swift in Sources */,
				B9A22CDC281ED4E400E161DF /* main.swift in Sources */,
			);
			runOnlyForDeploymentPostprocessing = 0;
		};
/* End PBXSourcesBuildPhase section */

/* Begin XCBuildConfiguration section */
		B9A22CC8281ED42700E161DF /* Debug */ = {
			isa = XCBuildConfiguration;
			buildSettings = {
				ALWAYS_SEARCH_USER_PATHS = NO;
				CLANG_ANALYZER_NONNULL = YES;
				CLANG_ANALYZER_NUMBER_OBJECT_CONVERSION = YES_AGGRESSIVE;
				CLANG_CXX_LANGUAGE_STANDARD = "gnu++17";
				CLANG_ENABLE_MODULES = YES;
				CLANG_ENABLE_OBJC_ARC = YES;
				CLANG_ENABLE_OBJC_WEAK = YES;
				CLANG_WARN_BLOCK_CAPTURE_AUTORELEASING = YES;
				CLANG_WARN_BOOL_CONVERSION = YES;
				CLANG_WARN_COMMA = YES;
				CLANG_WARN_CONSTANT_CONVERSION = YES;
				CLANG_WARN_DEPRECATED_OBJC_IMPLEMENTATIONS = YES;
				CLANG_WARN_DIRECT_OBJC_ISA_USAGE = YES_ERROR;
				CLANG_WARN_DOCUMENTATION_COMMENTS = YES;
				CLANG_WARN_EMPTY_BODY = YES;
				CLANG_WARN_ENUM_CONVERSION = YES;
				CLANG_WARN_INFINITE_RECURSION = YES;
				CLANG_WARN_INT_CONVERSION = YES;
				CLANG_WARN_NON_LITERAL_NULL_CONVERSION = YES;
				CLANG_WARN_OBJC_IMPLICIT_RETAIN_SELF = YES;
				CLANG_WARN_OBJC_LITERAL_CONVERSION = YES;
				CLANG_WARN_OBJC_ROOT_CLASS = YES_ERROR;
				CLANG_WARN_QUOTED_INCLUDE_IN_FRAMEWORK_HEADER = YES;
				CLANG_WARN_RANGE_LOOP_ANALYSIS = YES;
				CLANG_WARN_STRICT_PROTOTYPES = YES;
				CLANG_WARN_SUSPICIOUS_MOVE = YES;
				CLANG_WARN_UNGUARDED_AVAILABILITY = YES_AGGRESSIVE;
				CLANG_WARN_UNREACHABLE_CODE = YES;
				CLANG_WARN__DUPLICATE_METHOD_MATCH = YES;
				COPY_PHASE_STRIP = NO;
				DEBUG_INFORMATION_FORMAT = dwarf;
				ENABLE_STRICT_OBJC_MSGSEND = YES;
				ENABLE_TESTABILITY = YES;
				GCC_C_LANGUAGE_STANDARD = gnu11;
				GCC_DYNAMIC_NO_PIC = NO;
				GCC_NO_COMMON_BLOCKS = YES;
				GCC_OPTIMIZATION_LEVEL = 0;
				GCC_PREPROCESSOR_DEFINITIONS = (
					"DEBUG=1",
					"$(inherited)",
				);
				GCC_WARN_64_TO_32_BIT_CONVERSION = YES;
				GCC_WARN_ABOUT_RETURN_TYPE = YES_ERROR;
				GCC_WARN_UNDECLARED_SELECTOR = YES;
				GCC_WARN_UNINITIALIZED_AUTOS = YES_AGGRESSIVE;
				GCC_WARN_UNUSED_FUNCTION = YES;
				GCC_WARN_UNUSED_VARIABLE = YES;
				MACOSX_DEPLOYMENT_TARGET = 12.3;
				MTL_ENABLE_DEBUG_INFO = INCLUDE_SOURCE;
				MTL_FAST_MATH = YES;
				ONLY_ACTIVE_ARCH = YES;
				SDKROOT = macosx;
				SWIFT_ACTIVE_COMPILATION_CONDITIONS = DEBUG;
				SWIFT_OPTIMIZATION_LEVEL = "-Onone";
			};
			name = Debug;
		};
		B9A22CC9281ED42700E161DF /* Release */ = {
			isa = XCBuildConfiguration;
			buildSettings = {
				ALWAYS_SEARCH_USER_PATHS = NO;
				CLANG_ANALYZER_NONNULL = YES;
				CLANG_ANALYZER_NUMBER_OBJECT_CONVERSION = YES_AGGRESSIVE;
				CLANG_CXX_LANGUAGE_STANDARD = "gnu++17";
				CLANG_ENABLE_MODULES = YES;
				CLANG_ENABLE_OBJC_ARC = YES;
				CLANG_ENABLE_OBJC_WEAK = YES;
				CLANG_WARN_BLOCK_CAPTURE_AUTORELEASING = YES;
				CLANG_WARN_BOOL_CONVERSION = YES;
				CLANG_WARN_COMMA = YES;
				CLANG_WARN_CONSTANT_CONVERSION = YES;
				CLANG_WARN_DEPRECATED_OBJC_IMPLEMENTATIONS = YES;
				CLANG_WARN_DIRECT_OBJC_ISA_USAGE = YES_ERROR;
				CLANG_WARN_DOCUMENTATION_COMMENTS = YES;
				CLANG_WARN_EMPTY_BODY = YES;
				CLANG_WARN_ENUM_CONVERSION = YES;
				CLANG_WARN_INFINITE_RECURSION = YES;
				CLANG_WARN_INT_CONVERSION = YES;
				CLANG_WARN_NON_LITERAL_NULL_CONVERSION = YES;
				CLANG_WARN_OBJC_IMPLICIT_RETAIN_SELF = YES;
				CLANG_WARN_OBJC_LITERAL_CONVERSION = YES;
				CLANG_WARN_OBJC_ROOT_CLASS = YES_ERROR;
				CLANG_WARN_QUOTED_INCLUDE_IN_FRAMEWORK_HEADER = YES;
				CLANG_WARN_RANGE_LOOP_ANALYSIS = YES;
				CLANG_WARN_STRICT_PROTOTYPES = YES;
				CLANG_WARN_SUSPICIOUS_MOVE = YES;
				CLANG_WARN_UNGUARDED_AVAILABILITY = YES_AGGRESSIVE;
				CLANG_WARN_UNREACHABLE_CODE = YES;
				CLANG_WARN__DUPLICATE_METHOD_MATCH = YES;
				COPY_PHASE_STRIP = NO;
				DEBUG_INFORMATION_FORMAT = "dwarf-with-dsym";
				ENABLE_NS_ASSERTIONS = NO;
				ENABLE_STRICT_OBJC_MSGSEND = YES;
				GCC_C_LANGUAGE_STANDARD = gnu11;
				GCC_NO_COMMON_BLOCKS = YES;
				GCC_WARN_64_TO_32_BIT_CONVERSION = YES;
				GCC_WARN_ABOUT_RETURN_TYPE = YES_ERROR;
				GCC_WARN_UNDECLARED_SELECTOR = YES;
				GCC_WARN_UNINITIALIZED_AUTOS = YES_AGGRESSIVE;
				GCC_WARN_UNUSED_FUNCTION = YES;
				GCC_WARN_UNUSED_VARIABLE = YES;
				MACOSX_DEPLOYMENT_TARGET = 12.3;
				MTL_ENABLE_DEBUG_INFO = NO;
				MTL_FAST_MATH = YES;
				SDKROOT = macosx;
				SWIFT_COMPILATION_MODE = wholemodule;
				SWIFT_OPTIMIZATION_LEVEL = "-O";
			};
			name = Release;
		};
		B9A22CCB281ED42700E161DF /* Debug */ = {
			isa = XCBuildConfiguration;
			buildSettings = {
				CODE_SIGN_STYLE = Automatic;
				DEVELOPMENT_TEAM = 5BY5MQ6875;
				ENABLE_HARDENED_RUNTIME = YES;
				PRODUCT_NAME = "$(TARGET_NAME)";
				SWIFT_VERSION = 5.0;
			};
			name = Debug;
		};
		B9A22CCC281ED42700E161DF /* Release */ = {
			isa = XCBuildConfiguration;
			buildSettings = {
				CODE_SIGN_STYLE = Automatic;
				DEVELOPMENT_TEAM = 5BY5MQ6875;
				ENABLE_HARDENED_RUNTIME = YES;
				PRODUCT_NAME = "$(TARGET_NAME)";
				SWIFT_VERSION = 5.0;
			};
			name = Release;
		};
		B9A22CD6281ED4A400E161DF /* Debug */ = {
			isa = XCBuildConfiguration;
			buildSettings = {
				CODE_SIGN_STYLE = Automatic;
				CURRENT_PROJECT_VERSION = 1;
				DEVELOPMENT_TEAM = 5BY5MQ6875;
				GENERATE_INFOPLIST_FILE = YES;
				MARKETING_VERSION = 1.0;
				PRODUCT_BUNDLE_IDENTIFIER = com.seokho.SwiftDataStructureTests;
				PRODUCT_NAME = "$(TARGET_NAME)";
				SWIFT_EMIT_LOC_STRINGS = NO;
				SWIFT_VERSION = 5.0;
			};
			name = Debug;
		};
		B9A22CD7281ED4A400E161DF /* Release */ = {
			isa = XCBuildConfiguration;
			buildSettings = {
				CODE_SIGN_STYLE = Automatic;
				CURRENT_PROJECT_VERSION = 1;
				DEVELOPMENT_TEAM = 5BY5MQ6875;
				GENERATE_INFOPLIST_FILE = YES;
				MARKETING_VERSION = 1.0;
				PRODUCT_BUNDLE_IDENTIFIER = com.seokho.SwiftDataStructureTests;
				PRODUCT_NAME = "$(TARGET_NAME)";
				SWIFT_EMIT_LOC_STRINGS = NO;
				SWIFT_VERSION = 5.0;
			};
			name = Release;
		};
/* End XCBuildConfiguration section */

/* Begin XCConfigurationList section */
		B9A22CBE281ED42700E161DF /* Build configuration list for PBXProject "SwiftDataStructure" */ = {
			isa = XCConfigurationList;
			buildConfigurations = (
				B9A22CC8281ED42700E161DF /* Debug */,
				B9A22CC9281ED42700E161DF /* Release */,
			);
			defaultConfigurationIsVisible = 0;
			defaultConfigurationName = Release;
		};
		B9A22CCA281ED42700E161DF /* Build configuration list for PBXNativeTarget "SwiftDataStructure" */ = {
			isa = XCConfigurationList;
			buildConfigurations = (
				B9A22CCB281ED42700E161DF /* Debug */,
				B9A22CCC281ED42700E161DF /* Release */,
			);
			defaultConfigurationIsVisible = 0;
			defaultConfigurationName = Release;
		};
		B9A22CD5281ED4A400E161DF /* Build configuration list for PBXNativeTarget "SwiftDataStructureTests" */ = {
			isa = XCConfigurationList;
			buildConfigurations = (
				B9A22CD6281ED4A400E161DF /* Debug */,
				B9A22CD7281ED4A400E161DF /* Release */,
			);
			defaultConfigurationIsVisible = 0;
			defaultConfigurationName = Release;
		};
/* End XCConfigurationList section */
	};
	rootObject = B9A22CBB281ED42700E161DF /* Project object */;
}
